<?xml version="1.0" encoding="utf-8"?>
<Project ToolsVersion="4.0" xmlns="http://schemas.microsoft.com/developer/msbuild/2003">
  <ItemGroup>
    <Filter Include="소스 파일">
      <UniqueIdentifier>{4FC737F1-C7A5-4376-A066-2A32D752A2FF}</UniqueIdentifier>
      <Extensions>cpp;c;cc;cxx;c++;cppm;ixx;def;odl;idl;hpj;bat;asm;asmx</Extensions>
    </Filter>
    <Filter Include="헤더 파일">
      <UniqueIdentifier>{93995380-89BD-4b04-88EB-625FBE52EBFB}</UniqueIdentifier>
      <Extensions>h;hh;hpp;hxx;h++;hm;inl;inc;ipp;xsd</Extensions>
    </Filter>
    <Filter Include="리소스 파일">
      <UniqueIdentifier>{67DA6AB6-F800-4c08-8B7A-83BB121AAD01}</UniqueIdentifier>
      <Extensions>rc;ico;cur;bmp;dlg;rc2;rct;bin;rgs;gif;jpg;jpeg;jpe;resx;tiff;tif;png;wav;mfcribbon-ms</Extensions>
    </Filter>
    <Filter Include="소스 파일\structuer_and_other_data_type">
      <UniqueIdentifier>{e629d30c-aa66-4cdd-848c-b4bc579b6719}</UniqueIdentifier>
    </Filter>
    <Filter Include="소스 파일\bit">
      <UniqueIdentifier>{ff82cc86-747d-436e-bc50-b3b8a6107e35}</UniqueIdentifier>
    </Filter>
    <Filter Include="소스 파일\ready">
      <UniqueIdentifier>{0c7ef6b9-c055-46ce-bcb4-40a13190c39c}</UniqueIdentifier>
    </Filter>
    <Filter Include="소스 파일\first_step">
      <UniqueIdentifier>{5731a758-1c58-4b90-8fe8-774d585ead8c}</UniqueIdentifier>
    </Filter>
    <Filter Include="소스 파일\data_and_c">
      <UniqueIdentifier>{5ef7db48-72ec-4f5e-98cc-0baefcf6526d}</UniqueIdentifier>
    </Filter>
    <Filter Include="소스 파일\string_and_io">
      <UniqueIdentifier>{4f617a70-f7bf-44fa-8e40-a47eb2065caf}</UniqueIdentifier>
    </Filter>
    <Filter Include="소스 파일\operator">
      <UniqueIdentifier>{e2bd8796-249c-44ce-8166-41a1cfc2b5ab}</UniqueIdentifier>
    </Filter>
    <Filter Include="소스 파일\loop">
      <UniqueIdentifier>{1a439c43-8036-4826-a1c5-ae81adc9fb18}</UniqueIdentifier>
    </Filter>
    <Filter Include="소스 파일\jump">
      <UniqueIdentifier>{cc8886a1-0e8b-49de-8bcd-fd8deda40916}</UniqueIdentifier>
    </Filter>
    <Filter Include="소스 파일\io">
      <UniqueIdentifier>{32312e09-309f-466f-a080-f7ea63d42dc0}</UniqueIdentifier>
    </Filter>
    <Filter Include="소스 파일\function">
      <UniqueIdentifier>{512e260b-6e9e-4f80-8b35-7b443a568801}</UniqueIdentifier>
    </Filter>
    <Filter Include="소스 파일\array">
      <UniqueIdentifier>{faa055e5-e028-4cbe-afcd-93e7d8a22065}</UniqueIdentifier>
    </Filter>
    <Filter Include="소스 파일\string">
      <UniqueIdentifier>{f2e15f2e-2c7e-4676-9d4b-2d4a358dfbd9}</UniqueIdentifier>
    </Filter>
    <Filter Include="소스 파일\memory">
      <UniqueIdentifier>{82ec1452-fda2-446c-a12e-e1c1cf312e58}</UniqueIdentifier>
    </Filter>
    <Filter Include="소스 파일\file io">
      <UniqueIdentifier>{652435d6-6793-44ad-96e2-46badf22b518}</UniqueIdentifier>
    </Filter>
    <Filter Include="소스 파일\data type">
      <UniqueIdentifier>{df01a7c6-30f3-4050-b92a-a7f170a1db7d}</UniqueIdentifier>
    </Filter>
  </ItemGroup>
  <ItemGroup>
    <ClCompile Include="main.c">
      <Filter>소스 파일</Filter>
    </ClCompile>
    <ClCompile Include="Q14-1.c">
      <Filter>소스 파일\structuer_and_other_data_type</Filter>
    </ClCompile>
    <ClCompile Include="Q14-3.c">
      <Filter>소스 파일\structuer_and_other_data_type</Filter>
    </ClCompile>
    <ClCompile Include="Q14-4.c">
      <Filter>소스 파일\structuer_and_other_data_type</Filter>
    </ClCompile>
    <ClCompile Include="Q14-5.c">
      <Filter>소스 파일\structuer_and_other_data_type</Filter>
    </ClCompile>
    <ClCompile Include="Q14-6.c">
      <Filter>소스 파일\structuer_and_other_data_type</Filter>
    </ClCompile>
    <ClCompile Include="Q14-7.c">
      <Filter>소스 파일\structuer_and_other_data_type</Filter>
    </ClCompile>
    <ClCompile Include="util.c">
      <Filter>소스 파일</Filter>
    </ClCompile>
    <ClCompile Include="Q14-8.c">
      <Filter>소스 파일\structuer_and_other_data_type</Filter>
    </ClCompile>
    <ClCompile Include="Q14-9.c">
      <Filter>소스 파일\structuer_and_other_data_type</Filter>
    </ClCompile>
    <ClCompile Include="Q14-10.c">
      <Filter>소스 파일\structuer_and_other_data_type</Filter>
    </ClCompile>
    <ClCompile Include="Q14-11.c">
      <Filter>소스 파일\structuer_and_other_data_type</Filter>
    </ClCompile>
    <ClCompile Include="Q15-1.c">
      <Filter>소스 파일\bit</Filter>
    </ClCompile>
    <ClCompile Include="Q15-2.c">
      <Filter>소스 파일\bit</Filter>
    </ClCompile>
    <ClCompile Include="Q15-3.c">
      <Filter>소스 파일\bit</Filter>
    </ClCompile>
    <ClCompile Include="Q15-4.c">
      <Filter>소스 파일\bit</Filter>
    </ClCompile>
    <ClCompile Include="Q15-5.c">
      <Filter>소스 파일\bit</Filter>
    </ClCompile>
    <ClCompile Include="Q15-6.c">
      <Filter>소스 파일\bit</Filter>
    </ClCompile>
    <ClCompile Include="Q1-1.c">
      <Filter>소스 파일\ready</Filter>
    </ClCompile>
    <ClCompile Include="Q2-1.c">
      <Filter>소스 파일\first_step</Filter>
    </ClCompile>
    <ClCompile Include="Q2-2.c">
      <Filter>소스 파일\first_step</Filter>
    </ClCompile>
    <ClCompile Include="Q2-3.c">
      <Filter>소스 파일\first_step</Filter>
    </ClCompile>
    <ClCompile Include="Q2-4.c">
      <Filter>소스 파일\first_step</Filter>
    </ClCompile>
    <ClCompile Include="Q2-5.c">
      <Filter>소스 파일\first_step</Filter>
    </ClCompile>
    <ClCompile Include="Q2-6.c">
      <Filter>소스 파일\first_step</Filter>
    </ClCompile>
    <ClCompile Include="Q2-7.c">
      <Filter>소스 파일\first_step</Filter>
    </ClCompile>
    <ClCompile Include="Q2-8.c">
      <Filter>소스 파일\first_step</Filter>
    </ClCompile>
    <ClCompile Include="Q3-2.c">
      <Filter>소스 파일\data_and_c</Filter>
    </ClCompile>
    <ClCompile Include="Q3-3.c">
      <Filter>소스 파일\data_and_c</Filter>
    </ClCompile>
    <ClCompile Include="Q3-4.c">
      <Filter>소스 파일\data_and_c</Filter>
    </ClCompile>
    <ClCompile Include="Q3-5.c">
      <Filter>소스 파일\data_and_c</Filter>
    </ClCompile>
    <ClCompile Include="Q3-6.c">
      <Filter>소스 파일\data_and_c</Filter>
    </ClCompile>
    <ClCompile Include="Q3-7.c">
      <Filter>소스 파일\data_and_c</Filter>
    </ClCompile>
    <ClCompile Include="Q3-8.c">
      <Filter>소스 파일\data_and_c</Filter>
    </ClCompile>
    <ClCompile Include="Q4-1.c">
      <Filter>소스 파일\string_and_io</Filter>
    </ClCompile>
    <ClCompile Include="Q4-2.c">
      <Filter>소스 파일\string_and_io</Filter>
    </ClCompile>
    <ClCompile Include="Q4-3.c">
      <Filter>소스 파일\string_and_io</Filter>
    </ClCompile>
    <ClCompile Include="Q4-4.c">
      <Filter>소스 파일\string_and_io</Filter>
    </ClCompile>
    <ClCompile Include="Q4-5.c">
      <Filter>소스 파일\string_and_io</Filter>
    </ClCompile>
    <ClCompile Include="Q4-6.c">
      <Filter>소스 파일\string_and_io</Filter>
    </ClCompile>
    <ClCompile Include="Q4-7.c">
      <Filter>소스 파일\string_and_io</Filter>
    </ClCompile>
    <ClCompile Include="Q4-8.c">
      <Filter>소스 파일\string_and_io</Filter>
    </ClCompile>
    <ClCompile Include="Q5-1.c">
      <Filter>소스 파일\operator</Filter>
    </ClCompile>
    <ClCompile Include="Q5.h">
      <Filter>헤더 파일</Filter>
    </ClCompile>
    <ClCompile Include="Q5-2.c">
      <Filter>소스 파일\operator</Filter>
    </ClCompile>
    <ClCompile Include="Q5-3.c">
      <Filter>소스 파일\operator</Filter>
    </ClCompile>
    <ClCompile Include="Q5-4.c">
      <Filter>소스 파일\operator</Filter>
    </ClCompile>
    <ClCompile Include="Q5-5.c">
      <Filter>소스 파일\operator</Filter>
    </ClCompile>
    <ClCompile Include="Q5-6.c">
      <Filter>소스 파일\operator</Filter>
    </ClCompile>
    <ClCompile Include="Q5-7.c">
      <Filter>소스 파일\operator</Filter>
    </ClCompile>
    <ClCompile Include="Q5-8.c">
      <Filter>소스 파일\operator</Filter>
    </ClCompile>
    <ClCompile Include="Q6-1.c">
      <Filter>소스 파일\loop</Filter>
    </ClCompile>
    <ClCompile Include="Q6-2.c">
      <Filter>소스 파일\loop</Filter>
    </ClCompile>
    <ClCompile Include="Q6-3.c">
      <Filter>소스 파일\loop</Filter>
    </ClCompile>
    <ClCompile Include="Q6-4.c">
      <Filter>소스 파일\loop</Filter>
    </ClCompile>
    <ClCompile Include="Q6-5.c">
      <Filter>소스 파일\loop</Filter>
    </ClCompile>
    <ClCompile Include="Q6-6.c">
      <Filter>소스 파일\loop</Filter>
    </ClCompile>
    <ClCompile Include="Q6-7.c">
      <Filter>소스 파일\loop</Filter>
    </ClCompile>
    <ClCompile Include="Q6-8.c">
      <Filter>소스 파일\loop</Filter>
    </ClCompile>
    <ClCompile Include="Q6-9.c">
      <Filter>소스 파일\loop</Filter>
    </ClCompile>
    <ClCompile Include="Q6-10.c">
      <Filter>소스 파일\loop</Filter>
    </ClCompile>
    <ClCompile Include="Q6-11.c">
      <Filter>소스 파일\loop</Filter>
    </ClCompile>
    <ClCompile Include="Q6-12.c">
      <Filter>소스 파일\loop</Filter>
    </ClCompile>
    <ClCompile Include="Q6-13.c">
      <Filter>소스 파일\loop</Filter>
    </ClCompile>
    <ClCompile Include="Q6-14.c">
      <Filter>소스 파일\loop</Filter>
    </ClCompile>
    <ClCompile Include="Q6-15.c">
      <Filter>소스 파일\loop</Filter>
    </ClCompile>
    <ClCompile Include="Q6-16.c">
      <Filter>소스 파일\loop</Filter>
    </ClCompile>
    <ClCompile Include="Q6-17.c">
      <Filter>소스 파일\loop</Filter>
    </ClCompile>
    <ClCompile Include="Q7-1.c">
      <Filter>소스 파일\jump</Filter>
    </ClCompile>
    <ClCompile Include="Q7-2.c">
      <Filter>소스 파일\jump</Filter>
    </ClCompile>
    <ClCompile Include="Q7-3.c">
      <Filter>소스 파일\jump</Filter>
    </ClCompile>
    <ClCompile Include="Q7-4.c">
      <Filter>소스 파일\jump</Filter>
    </ClCompile>
    <ClCompile Include="Q7-5.c">
      <Filter>소스 파일\jump</Filter>
    </ClCompile>
    <ClCompile Include="Q7-6.c">
      <Filter>소스 파일\jump</Filter>
    </ClCompile>
    <ClCompile Include="Q7-7.c">
      <Filter>소스 파일\jump</Filter>
    </ClCompile>
    <ClCompile Include="Q7-8.c">
      <Filter>소스 파일\jump</Filter>
    </ClCompile>
    <ClCompile Include="Q7-9.c">
      <Filter>소스 파일\jump</Filter>
    </ClCompile>
    <ClCompile Include="Q7-10.c">
      <Filter>소스 파일\jump</Filter>
    </ClCompile>
    <ClCompile Include="Q7-11.c">
      <Filter>소스 파일\jump</Filter>
    </ClCompile>
    <ClCompile Include="Q8-1.c">
      <Filter>소스 파일\io</Filter>
    </ClCompile>
    <ClCompile Include="Q8-2.c">
      <Filter>소스 파일\io</Filter>
    </ClCompile>
    <ClCompile Include="Q8-3.c">
      <Filter>소스 파일\io</Filter>
    </ClCompile>
    <ClCompile Include="Q8-4.c">
      <Filter>소스 파일\io</Filter>
    </ClCompile>
    <ClCompile Include="Q8-5.c">
      <Filter>소스 파일\io</Filter>
    </ClCompile>
    <ClCompile Include="Q8-6.c">
      <Filter>소스 파일\io</Filter>
    </ClCompile>
    <ClCompile Include="Q8-7.c">
      <Filter>소스 파일\io</Filter>
    </ClCompile>
    <ClCompile Include="Q8-8.c">
      <Filter>소스 파일\io</Filter>
    </ClCompile>
    <ClCompile Include="Q9-1.c">
      <Filter>소스 파일\function</Filter>
    </ClCompile>
    <ClCompile Include="Q9-2.c">
      <Filter>소스 파일\function</Filter>
    </ClCompile>
    <ClCompile Include="Q9-3.c">
      <Filter>소스 파일\function</Filter>
    </ClCompile>
    <ClCompile Include="Q9-4.c">
      <Filter>소스 파일\function</Filter>
    </ClCompile>
    <ClCompile Include="Q9-5.c">
      <Filter>소스 파일\function</Filter>
    </ClCompile>
    <ClCompile Include="Q9-6.c">
      <Filter>소스 파일\function</Filter>
    </ClCompile>
    <ClCompile Include="Q9-7.c">
      <Filter>소스 파일\function</Filter>
    </ClCompile>
    <ClCompile Include="Q9-8.c">
      <Filter>소스 파일\function</Filter>
    </ClCompile>
    <ClCompile Include="Q9-9.c">
      <Filter>소스 파일\function</Filter>
    </ClCompile>
    <ClCompile Include="Q9-10.c">
      <Filter>소스 파일\function</Filter>
    </ClCompile>
    <ClCompile Include="Q9-11.c">
      <Filter>소스 파일\function</Filter>
    </ClCompile>
    <ClCompile Include="Q10-1.c">
      <Filter>소스 파일\array</Filter>
    </ClCompile>
    <ClCompile Include="Q10-2.c">
      <Filter>소스 파일\array</Filter>
    </ClCompile>
    <ClCompile Include="Q10-3.c">
      <Filter>소스 파일\array</Filter>
    </ClCompile>
    <ClCompile Include="Q10-4.c">
      <Filter>소스 파일\array</Filter>
    </ClCompile>
    <ClCompile Include="Q10-5.c">
      <Filter>소스 파일\array</Filter>
    </ClCompile>
    <ClCompile Include="Q10-6.c">
      <Filter>소스 파일\array</Filter>
    </ClCompile>
    <ClCompile Include="Q10-7.c">
      <Filter>소스 파일\array</Filter>
    </ClCompile>
    <ClCompile Include="Q10-8.c">
      <Filter>소스 파일\array</Filter>
    </ClCompile>
    <ClCompile Include="Q10-9.c">
      <Filter>소스 파일\array</Filter>
    </ClCompile>
    <ClCompile Include="Q10-10.c">
      <Filter>소스 파일\array</Filter>
    </ClCompile>
    <ClCompile Include="Q10-11.c">
      <Filter>소스 파일\array</Filter>
    </ClCompile>
    <ClCompile Include="Q10-12.c">
      <Filter>소스 파일\array</Filter>
    </ClCompile>
    <ClCompile Include="Q10-13.c">
      <Filter>소스 파일\array</Filter>
    </ClCompile>
    <ClCompile Include="Q11-1.c">
      <Filter>소스 파일\string</Filter>
    </ClCompile>
    <ClCompile Include="Q11-2.c">
      <Filter>소스 파일\string</Filter>
    </ClCompile>
    <ClCompile Include="Q11-3.c">
      <Filter>소스 파일\string</Filter>
    </ClCompile>
    <ClCompile Include="Q11-5.c">
      <Filter>소스 파일\string</Filter>
    </ClCompile>
    <ClCompile Include="Q11-4.c">
      <Filter>소스 파일\string</Filter>
    </ClCompile>
    <ClCompile Include="Q11-6.c">
      <Filter>소스 파일\string</Filter>
    </ClCompile>
    <ClCompile Include="Q11-7.c">
      <Filter>소스 파일\string</Filter>
    </ClCompile>
    <ClCompile Include="Q11-8.c">
      <Filter>소스 파일\string</Filter>
    </ClCompile>
    <ClCompile Include="Q11-9.c">
      <Filter>소스 파일\string</Filter>
    </ClCompile>
    <ClCompile Include="Q11-10.c">
      <Filter>소스 파일\string</Filter>
    </ClCompile>
    <ClCompile Include="Q11-11.c">
      <Filter>소스 파일\string</Filter>
    </ClCompile>
    <ClCompile Include="Q11-12.c">
      <Filter>소스 파일\string</Filter>
    </ClCompile>
    <ClCompile Include="Q11-13.c">
      <Filter>소스 파일\string</Filter>
    </ClCompile>
    <ClCompile Include="Q11-14.c">
      <Filter>소스 파일\string</Filter>
    </ClCompile>
    <ClCompile Include="Q11-15.c">
      <Filter>소스 파일\string</Filter>
    </ClCompile>
    <ClCompile Include="Q11-16.c">
      <Filter>소스 파일\string</Filter>
    </ClCompile>
    <ClCompile Include="Q12-1.c">
      <Filter>소스 파일\memory</Filter>
    </ClCompile>
    <ClCompile Include="Q12-2.c">
      <Filter>소스 파일\memory</Filter>
    </ClCompile>
    <ClCompile Include="Q12-3.c">
      <Filter>소스 파일\memory</Filter>
    </ClCompile>
    <ClCompile Include="Q12-4.c">
      <Filter>소스 파일\memory</Filter>
    </ClCompile>
    <ClCompile Include="Q12-5.c">
      <Filter>소스 파일\memory</Filter>
    </ClCompile>
    <ClCompile Include="Q12-6.c">
      <Filter>소스 파일\memory</Filter>
    </ClCompile>
    <ClCompile Include="Q12-7.c">
      <Filter>소스 파일\memory</Filter>
    </ClCompile>
    <ClCompile Include="Q12-8.c">
      <Filter>소스 파일\memory</Filter>
    </ClCompile>
    <ClCompile Include="Q12-9.c">
      <Filter>소스 파일\memory</Filter>
    </ClCompile>
    <ClCompile Include="Q13-1.c">
      <Filter>소스 파일\file io</Filter>
    </ClCompile>
    <ClCompile Include="Q13-2.c">
      <Filter>소스 파일\file io</Filter>
    </ClCompile>
    <ClCompile Include="Q13-3.c">
      <Filter>소스 파일\file io</Filter>
    </ClCompile>
    <ClCompile Include="Q13-4.c">
      <Filter>소스 파일\file io</Filter>
    </ClCompile>
    <ClCompile Include="Q13-5.c">
      <Filter>소스 파일\file io</Filter>
    </ClCompile>
    <ClCompile Include="Q13-6.c">
      <Filter>소스 파일\file io</Filter>
    </ClCompile>
    <ClCompile Include="Q13-7.c">
      <Filter>소스 파일\file io</Filter>
    </ClCompile>
    <ClCompile Include="Q13-8.c">
      <Filter>소스 파일\file io</Filter>
    </ClCompile>
    <ClCompile Include="Q13-9.c">
      <Filter>소스 파일\file io</Filter>
    </ClCompile>
    <ClCompile Include="Q13-10.c">
      <Filter>소스 파일\file io</Filter>
    </ClCompile>
    <ClCompile Include="Q13-11.c">
      <Filter>소스 파일\file io</Filter>
    </ClCompile>
    <ClCompile Include="Q13-12.c">
      <Filter>소스 파일\file io</Filter>
    </ClCompile>
    <ClCompile Include="Q13-13.c">
      <Filter>소스 파일\file io</Filter>
    </ClCompile>
    <ClCompile Include="Q14-2.c">
      <Filter>소스 파일\structuer_and_other_data_type</Filter>
    </ClCompile>
    <ClCompile Include="Q15-7.c">
      <Filter>소스 파일</Filter>
    </ClCompile>
    <ClCompile Include="Q17-1.c">
      <Filter>소스 파일\data type</Filter>
    </ClCompile>
    <ClCompile Include="Q17-2.c">
      <Filter>소스 파일\data type</Filter>
    </ClCompile>
    <ClCompile Include="Q17-3.c">
      <Filter>소스 파일\data type</Filter>
    </ClCompile>
    <ClCompile Include="Q17-4.c">
      <Filter>소스 파일\data type</Filter>
    </ClCompile>
    <ClCompile Include="Q17-5.c">
      <Filter>소스 파일\data type</Filter>
    </ClCompile>
    <ClCompile Include="Q17-6.c">
      <Filter>소스 파일\data type</Filter>
    </ClCompile>
    <ClCompile Include="Q17-7.c">
      <Filter>소스 파일\data type</Filter>
    </ClCompile>
  </ItemGroup>
  <ItemGroup>
    <ClInclude Include="Q14.h">
      <Filter>헤더 파일</Filter>
    </ClInclude>
    <ClInclude Include="util.h">
      <Filter>헤더 파일</Filter>
    </ClInclude>
    <ClInclude Include="Q15.h">
      <Filter>헤더 파일</Filter>
    </ClInclude>
    <ClInclude Include="Q2.h">
      <Filter>헤더 파일</Filter>
    </ClInclude>
    <ClInclude Include="Q3.h">
      <Filter>헤더 파일</Filter>
    </ClInclude>
    <ClInclude Include="Q4.h">
      <Filter>헤더 파일</Filter>
    </ClInclude>
    <ClInclude Include="Q6.h">
      <Filter>헤더 파일</Filter>
    </ClInclude>
    <ClInclude Include="Q7.h">
      <Filter>헤더 파일</Filter>
    </ClInclude>
    <ClInclude Include="Q8.h">
      <Filter>헤더 파일</Filter>
    </ClInclude>
    <ClInclude Include="Q9.h">
      <Filter>헤더 파일</Filter>
    </ClInclude>
    <ClInclude Include="Q10.h">
      <Filter>헤더 파일</Filter>
    </ClInclude>
    <ClInclude Include="Q11.h">
      <Filter>헤더 파일</Filter>
    </ClInclude>
    <ClInclude Include="Q12.h">
      <Filter>헤더 파일</Filter>
    </ClInclude>
    <ClInclude Include="Q13.h">
      <Filter>헤더 파일</Filter>
    </ClInclude>
    <ClInclude Include="Q17.h">
      <Filter>헤더 파일</Filter>
    </ClInclude>
  </ItemGroup>
</Project>